
Microsoft Visual Studio Solution File, Format Version 12.00
# Visual Studio Version 16
VisualStudioVersion = 16.0.29424.173
MinimumVisualStudioVersion = 10.0.40219.1
Project("{FAE04EC0-301F-11D3-BF4B-00C04F79EFBC}") = "DFS", "DFS\DFS.csproj", "{86531ACF-F6D9-4281-88BF-00C1409C575D}"
EndProject
Global
	GlobalSection(SolutionConfigurationPlatforms) = preSolution
		Debug|Any CPU = Debug|Any CPU
		Release|Any CPU = Release|Any CPU
	EndGlobalSection
	GlobalSection(ProjectConfigurationPlatforms) = postSolution
		{86531ACF-F6D9-4281-88BF-00C1409C575D}.Debug|Any CPU.ActiveCfg = Debug|Any CPU
		{86531ACF-F6D9-4281-88BF-00C1409C575D}.Debug|Any CPU.Build.0 = Debug|Any CPU
		{86531ACF-F6D9-4281-88BF-00C1409C575D}.Release|Any CPU.ActiveCfg = Release|Any CPU
		{86531ACF-F6D9-4281-88BF-00C1409C575D}.Release|Any CPU.Build.0 = Release|Any CPU
	EndGlobalSection
	GlobalSection(SolutionProperties) = preSolution
		HideSolutionNode = FALSE
	EndGlobalSection
	GlobalSection(ExtensibilityGlobals) = postSolution
		SolutionGuid = {FED3BFA0-4CF1-4F88-AB56-B11048BFEAB2}
	EndGlobalSection
EndGlobal
