
Microsoft Visual Studio Solution File, Format Version 12.00
# Visual Studio Version 16
VisualStudioVersion = 16.0.29424.173
MinimumVisualStudioVersion = 10.0.40219.1
Project("{FAE04EC0-301F-11D3-BF4B-00C04F79EFBC}") = "QuickSort", "QuickSort\QuickSort.csproj", "{A6B60205-E3AB-4C4F-866C-23711A1BDCA1}"
EndProject
Global
	GlobalSection(SolutionConfigurationPlatforms) = preSolution
		Debug|Any CPU = Debug|Any CPU
		Release|Any CPU = Release|Any CPU
	EndGlobalSection
	GlobalSection(ProjectConfigurationPlatforms) = postSolution
		{A6B60205-E3AB-4C4F-866C-23711A1BDCA1}.Debug|Any CPU.ActiveCfg = Debug|Any CPU
		{A6B60205-E3AB-4C4F-866C-23711A1BDCA1}.Debug|Any CPU.Build.0 = Debug|Any CPU
		{A6B60205-E3AB-4C4F-866C-23711A1BDCA1}.Release|Any CPU.ActiveCfg = Release|Any CPU
		{A6B60205-E3AB-4C4F-866C-23711A1BDCA1}.Release|Any CPU.Build.0 = Release|Any CPU
	EndGlobalSection
	GlobalSection(SolutionProperties) = preSolution
		HideSolutionNode = FALSE
	EndGlobalSection
	GlobalSection(ExtensibilityGlobals) = postSolution
		SolutionGuid = {D426E315-F139-43F1-B965-6B5173A61C99}
	EndGlobalSection
EndGlobal
