
Microsoft Visual Studio Solution File, Format Version 12.00
# Visual Studio Version 16
VisualStudioVersion = 16.0.29326.143
MinimumVisualStudioVersion = 10.0.40219.1
Project("{FAE04EC0-301F-11D3-BF4B-00C04F79EFBC}") = "Select sort", "Select sort\Select sort.csproj", "{5290F04A-C381-4D37-9CE1-BCAE2849420F}"
EndProject
Global
	GlobalSection(SolutionConfigurationPlatforms) = preSolution
		Debug|Any CPU = Debug|Any CPU
		Release|Any CPU = Release|Any CPU
	EndGlobalSection
	GlobalSection(ProjectConfigurationPlatforms) = postSolution
		{5290F04A-C381-4D37-9CE1-BCAE2849420F}.Debug|Any CPU.ActiveCfg = Debug|Any CPU
		{5290F04A-C381-4D37-9CE1-BCAE2849420F}.Debug|Any CPU.Build.0 = Debug|Any CPU
		{5290F04A-C381-4D37-9CE1-BCAE2849420F}.Release|Any CPU.ActiveCfg = Release|Any CPU
		{5290F04A-C381-4D37-9CE1-BCAE2849420F}.Release|Any CPU.Build.0 = Release|Any CPU
	EndGlobalSection
	GlobalSection(SolutionProperties) = preSolution
		HideSolutionNode = FALSE
	EndGlobalSection
	GlobalSection(ExtensibilityGlobals) = postSolution
		SolutionGuid = {933E41B4-CFC7-441B-9E84-ABC5F31C5EA0}
	EndGlobalSection
EndGlobal
