
Microsoft Visual Studio Solution File, Format Version 12.00
# Visual Studio Version 16
VisualStudioVersion = 16.0.29326.143
MinimumVisualStudioVersion = 10.0.40219.1
Project("{FAE04EC0-301F-11D3-BF4B-00C04F79EFBC}") = "Euler nwd", "Euler nwd\Euler nwd.csproj", "{48AFF83F-7FA4-42B0-8609-6D4E09F790F5}"
EndProject
Global
	GlobalSection(SolutionConfigurationPlatforms) = preSolution
		Debug|Any CPU = Debug|Any CPU
		Release|Any CPU = Release|Any CPU
	EndGlobalSection
	GlobalSection(ProjectConfigurationPlatforms) = postSolution
		{48AFF83F-7FA4-42B0-8609-6D4E09F790F5}.Debug|Any CPU.ActiveCfg = Debug|Any CPU
		{48AFF83F-7FA4-42B0-8609-6D4E09F790F5}.Debug|Any CPU.Build.0 = Debug|Any CPU
		{48AFF83F-7FA4-42B0-8609-6D4E09F790F5}.Release|Any CPU.ActiveCfg = Release|Any CPU
		{48AFF83F-7FA4-42B0-8609-6D4E09F790F5}.Release|Any CPU.Build.0 = Release|Any CPU
	EndGlobalSection
	GlobalSection(SolutionProperties) = preSolution
		HideSolutionNode = FALSE
	EndGlobalSection
	GlobalSection(ExtensibilityGlobals) = postSolution
		SolutionGuid = {D555092B-B72C-4A27-B4A8-E78A941C1C85}
	EndGlobalSection
EndGlobal
