
Microsoft Visual Studio Solution File, Format Version 12.00
# Visual Studio Version 16
VisualStudioVersion = 16.0.29326.143
MinimumVisualStudioVersion = 10.0.40219.1
Project("{FAE04EC0-301F-11D3-BF4B-00C04F79EFBC}") = "Sortowanie_przez_scalanie", "Sortowanie_przez_scalanie\Sortowanie_przez_scalanie.csproj", "{1D9F6058-3772-4761-90AF-58BE1295901B}"
EndProject
Global
	GlobalSection(SolutionConfigurationPlatforms) = preSolution
		Debug|Any CPU = Debug|Any CPU
		Release|Any CPU = Release|Any CPU
	EndGlobalSection
	GlobalSection(ProjectConfigurationPlatforms) = postSolution
		{1D9F6058-3772-4761-90AF-58BE1295901B}.Debug|Any CPU.ActiveCfg = Debug|Any CPU
		{1D9F6058-3772-4761-90AF-58BE1295901B}.Debug|Any CPU.Build.0 = Debug|Any CPU
		{1D9F6058-3772-4761-90AF-58BE1295901B}.Release|Any CPU.ActiveCfg = Release|Any CPU
		{1D9F6058-3772-4761-90AF-58BE1295901B}.Release|Any CPU.Build.0 = Release|Any CPU
	EndGlobalSection
	GlobalSection(SolutionProperties) = preSolution
		HideSolutionNode = FALSE
	EndGlobalSection
	GlobalSection(ExtensibilityGlobals) = postSolution
		SolutionGuid = {989DE6BD-8A67-401D-A7EE-082D3F8EAE5F}
	EndGlobalSection
EndGlobal
